// !$*UTF8*$!
{
	archiveVersion = 1;
	classes = {
	};
	objectVersion = 46;
	objects = {

/* Begin PBXBuildFile section */
		9DBAED3B1EC543EC009E18AC /* AppDelegate.swift in Sources */ = {isa = PBXBuildFile; fileRef = 9DBAED3A1EC543EC009E18AC /* AppDelegate.swift */; };
		9DBAED3D1EC543EC009E18AC /* ViewController.swift in Sources */ = {isa = PBXBuildFile; fileRef = 9DBAED3C1EC543EC009E18AC /* ViewController.swift */; };
		9DBAED401EC543EC009E18AC /* Main.storyboard in Resources */ = {isa = PBXBuildFile; fileRef = 9DBAED3E1EC543EC009E18AC /* Main.storyboard */; };
		9DBAED421EC543EC009E18AC /* Assets.xcassets in Resources */ = {isa = PBXBuildFile; fileRef = 9DBAED411EC543EC009E18AC /* Assets.xcassets */; };
		9DBAED451EC543EC009E18AC /* LaunchScreen.storyboard in Resources */ = {isa = PBXBuildFile; fileRef = 9DBAED431EC543EC009E18AC /* LaunchScreen.storyboard */; };
		9DBAED501EC543EC009E18AC /* EmojisTornadoTests.swift in Sources */ = {isa = PBXBuildFile; fileRef = 9DBAED4F1EC543EC009E18AC /* EmojisTornadoTests.swift */; };
		9DBAED5B1EC543EC009E18AC /* EmojisTornadoUITests.swift in Sources */ = {isa = PBXBuildFile; fileRef = 9DBAED5A1EC543EC009E18AC /* EmojisTornadoUITests.swift */; };
/* End PBXBuildFile section */

/* Begin PBXContainerItemProxy section */
		9DBAED4C1EC543EC009E18AC /* PBXContainerItemProxy */ = {
			isa = PBXContainerItemProxy;
			containerPortal = 9DBAED2F1EC543EC009E18AC /* Project object */;
			proxyType = 1;
			remoteGlobalIDString = 9DBAED361EC543EC009E18AC;
			remoteInfo = EmojisTornado;
		};
		9DBAED571EC543EC009E18AC /* PBXContainerItemProxy */ = {
			isa = PBXContainerItemProxy;
			containerPortal = 9DBAED2F1EC543EC009E18AC /* Project object */;
			proxyType = 1;
			remoteGlobalIDString = 9DBAED361EC543EC009E18AC;
			remoteInfo = EmojisTornado;
		};
/* End PBXContainerItemProxy section */

/* Begin PBXFileReference section */
		9DBAED371EC543EC009E18AC /* EmojisTornado.app */ = {isa = PBXFileReference; explicitFileType = wrapper.application; includeInIndex = 0; path = EmojisTornado.app; sourceTree = BUILT_PRODUCTS_DIR; };
		9DBAED3A1EC543EC009E18AC /* AppDelegate.swift */ = {isa = PBXFileReference; lastKnownFileType = sourcecode.swift; path = AppDelegate.swift; sourceTree = "<group>"; };
		9DBAED3C1EC543EC009E18AC /* ViewController.swift */ = {isa = PBXFileReference; lastKnownFileType = sourcecode.swift; path = ViewController.swift; sourceTree = "<group>"; };
		9DBAED3F1EC543EC009E18AC /* Base */ = {isa = PBXFileReference; lastKnownFileType = file.storyboard; name = Base; path = Base.lproj/Main.storyboard; sourceTree = "<group>"; };
		9DBAED411EC543EC009E18AC /* Assets.xcassets */ = {isa = PBXFileReference; lastKnownFileType = folder.assetcatalog; path = Assets.xcassets; sourceTree = "<group>"; };
		9DBAED441EC543EC009E18AC /* Base */ = {isa = PBXFileReference; lastKnownFileType = file.storyboard; name = Base; path = Base.lproj/LaunchScreen.storyboard; sourceTree = "<group>"; };
		9DBAED461EC543EC009E18AC /* Info.plist */ = {isa = PBXFileReference; lastKnownFileType = text.plist.xml; path = Info.plist; sourceTree = "<group>"; };
		9DBAED4B1EC543EC009E18AC /* EmojisTornadoTests.xctest */ = {isa = PBXFileReference; explicitFileType = wrapper.cfbundle; includeInIndex = 0; path = EmojisTornadoTests.xctest; sourceTree = BUILT_PRODUCTS_DIR; };
		9DBAED4F1EC543EC009E18AC /* EmojisTornadoTests.swift */ = {isa = PBXFileReference; lastKnownFileType = sourcecode.swift; path = EmojisTornadoTests.swift; sourceTree = "<group>"; };
		9DBAED511EC543EC009E18AC /* Info.plist */ = {isa = PBXFileReference; lastKnownFileType = text.plist.xml; path = Info.plist; sourceTree = "<group>"; };
		9DBAED561EC543EC009E18AC /* EmojisTornadoUITests.xctest */ = {isa = PBXFileReference; explicitFileType = wrapper.cfbundle; includeInIndex = 0; path = EmojisTornadoUITests.xctest; sourceTree = BUILT_PRODUCTS_DIR; };
		9DBAED5A1EC543EC009E18AC /* EmojisTornadoUITests.swift */ = {isa = PBXFileReference; lastKnownFileType = sourcecode.swift; path = EmojisTornadoUITests.swift; sourceTree = "<group>"; };
		9DBAED5C1EC543EC009E18AC /* Info.plist */ = {isa = PBXFileReference; lastKnownFileType = text.plist.xml; path = Info.plist; sourceTree = "<group>"; };
/* End PBXFileReference section */

/* Begin PBXFrameworksBuildPhase section */
		9DBAED341EC543EC009E18AC /* Frameworks */ = {
			isa = PBXFrameworksBuildPhase;
			buildActionMask = 2147483647;
			files = (
			);
			runOnlyForDeploymentPostprocessing = 0;
		};
		9DBAED481EC543EC009E18AC /* Frameworks */ = {
			isa = PBXFrameworksBuildPhase;
			buildActionMask = 2147483647;
			files = (
			);
			runOnlyForDeploymentPostprocessing = 0;
		};
		9DBAED531EC543EC009E18AC /* Frameworks */ = {
			isa = PBXFrameworksBuildPhase;
			buildActionMask = 2147483647;
			files = (
			);
			runOnlyForDeploymentPostprocessing = 0;
		};
/* End PBXFrameworksBuildPhase section */

/* Begin PBXGroup section */
		9DBAED2E1EC543EC009E18AC = {
			isa = PBXGroup;
			children = (
				9DBAED391EC543EC009E18AC /* EmojisTornado */,
				9DBAED4E1EC543EC009E18AC /* EmojisTornadoTests */,
				9DBAED591EC543EC009E18AC /* EmojisTornadoUITests */,
				9DBAED381EC543EC009E18AC /* Products */,
			);
			sourceTree = "<group>";
		};
		9DBAED381EC543EC009E18AC /* Products */ = {
			isa = PBXGroup;
			children = (
				9DBAED371EC543EC009E18AC /* EmojisTornado.app */,
				9DBAED4B1EC543EC009E18AC /* EmojisTornadoTests.xctest */,
				9DBAED561EC543EC009E18AC /* EmojisTornadoUITests.xctest */,
			);
			name = Products;
			sourceTree = "<group>";
		};
		9DBAED391EC543EC009E18AC /* EmojisTornado */ = {
			isa = PBXGroup;
			children = (
				9DBAED3A1EC543EC009E18AC /* AppDelegate.swift */,
				9DBAED3C1EC543EC009E18AC /* ViewController.swift */,
				9DBAED3E1EC543EC009E18AC /* Main.storyboard */,
				9DBAED411EC543EC009E18AC /* Assets.xcassets */,
				9DBAED431EC543EC009E18AC /* LaunchScreen.storyboard */,
				9DBAED461EC543EC009E18AC /* Info.plist */,
			);
			path = EmojisTornado;
			sourceTree = "<group>";
		};
		9DBAED4E1EC543EC009E18AC /* EmojisTornadoTests */ = {
			isa = PBXGroup;
			children = (
				9DBAED4F1EC543EC009E18AC /* EmojisTornadoTests.swift */,
				9DBAED511EC543EC009E18AC /* Info.plist */,
			);
			path = EmojisTornadoTests;
			sourceTree = "<group>";
		};
		9DBAED591EC543EC009E18AC /* EmojisTornadoUITests */ = {
			isa = PBXGroup;
			children = (
				9DBAED5A1EC543EC009E18AC /* EmojisTornadoUITests.swift */,
				9DBAED5C1EC543EC009E18AC /* Info.plist */,
			);
			path = EmojisTornadoUITests;
			sourceTree = "<group>";
		};
/* End PBXGroup section */

/* Begin PBXNativeTarget section */
		9DBAED361EC543EC009E18AC /* EmojisTornado */ = {
			isa = PBXNativeTarget;
			buildConfigurationList = 9DBAED5F1EC543EC009E18AC /* Build configuration list for PBXNativeTarget "EmojisTornado" */;
			buildPhases = (
				9DBAED331EC543EC009E18AC /* Sources */,
				9DBAED341EC543EC009E18AC /* Frameworks */,
				9DBAED351EC543EC009E18AC /* Resources */,
			);
			buildRules = (
			);
			dependencies = (
			);
			name = EmojisTornado;
			productName = EmojisTornado;
			productReference = 9DBAED371EC543EC009E18AC /* EmojisTornado.app */;
			productType = "com.apple.product-type.application";
		};
		9DBAED4A1EC543EC009E18AC /* EmojisTornadoTests */ = {
			isa = PBXNativeTarget;
			buildConfigurationList = 9DBAED621EC543EC009E18AC /* Build configuration list for PBXNativeTarget "EmojisTornadoTests" */;
			buildPhases = (
				9DBAED471EC543EC009E18AC /* Sources */,
				9DBAED481EC543EC009E18AC /* Frameworks */,
				9DBAED491EC543EC009E18AC /* Resources */,
			);
			buildRules = (
			);
			dependencies = (
				9DBAED4D1EC543EC009E18AC /* PBXTargetDependency */,
			);
			name = EmojisTornadoTests;
			productName = EmojisTornadoTests;
			productReference = 9DBAED4B1EC543EC009E18AC /* EmojisTornadoTests.xctest */;
			productType = "com.apple.product-type.bundle.unit-test";
		};
		9DBAED551EC543EC009E18AC /* EmojisTornadoUITests */ = {
			isa = PBXNativeTarget;
			buildConfigurationList = 9DBAED651EC543EC009E18AC /* Build configuration list for PBXNativeTarget "EmojisTornadoUITests" */;
			buildPhases = (
				9DBAED521EC543EC009E18AC /* Sources */,
				9DBAED531EC543EC009E18AC /* Frameworks */,
				9DBAED541EC543EC009E18AC /* Resources */,
			);
			buildRules = (
			);
			dependencies = (
				9DBAED581EC543EC009E18AC /* PBXTargetDependency */,
			);
			name = EmojisTornadoUITests;
			productName = EmojisTornadoUITests;
			productReference = 9DBAED561EC543EC009E18AC /* EmojisTornadoUITests.xctest */;
			productType = "com.apple.product-type.bundle.ui-testing";
		};
/* End PBXNativeTarget section */

/* Begin PBXProject section */
		9DBAED2F1EC543EC009E18AC /* Project object */ = {
			isa = PBXProject;
			attributes = {
				LastSwiftUpdateCheck = 0830;
				LastUpgradeCheck = 0830;
				ORGANIZATIONNAME = yyfan;
				TargetAttributes = {
					9DBAED361EC543EC009E18AC = {
						CreatedOnToolsVersion = 8.3;
						ProvisioningStyle = Automatic;
					};
					9DBAED4A1EC543EC009E18AC = {
						CreatedOnToolsVersion = 8.3;
						ProvisioningStyle = Automatic;
						TestTargetID = 9DBAED361EC543EC009E18AC;
					};
					9DBAED551EC543EC009E18AC = {
						CreatedOnToolsVersion = 8.3;
						ProvisioningStyle = Automatic;
						TestTargetID = 9DBAED361EC543EC009E18AC;
					};
				};
			};
			buildConfigurationList = 9DBAED321EC543EC009E18AC /* Build configuration list for PBXProject "EmojisTornado" */;
			compatibilityVersion = "Xcode 3.2";
			developmentRegion = English;
			hasScannedForEncodings = 0;
			knownRegions = (
				en,
				Base,
			);
			mainGroup = 9DBAED2E1EC543EC009E18AC;
			productRefGroup = 9DBAED381EC543EC009E18AC /* Products */;
			projectDirPath = "";
			projectRoot = "";
			targets = (
				9DBAED361EC543EC009E18AC /* EmojisTornado */,
				9DBAED4A1EC543EC009E18AC /* EmojisTornadoTests */,
				9DBAED551EC543EC009E18AC /* EmojisTornadoUITests */,
			);
		};
/* End PBXProject section */

/* Begin PBXResourcesBuildPhase section */
		9DBAED351EC543EC009E18AC /* Resources */ = {
			isa = PBXResourcesBuildPhase;
			buildActionMask = 2147483647;
			files = (
				9DBAED451EC543EC009E18AC /* LaunchScreen.storyboard in Resources */,
				9DBAED421EC543EC009E18AC /* Assets.xcassets in Resources */,
				9DBAED401EC543EC009E18AC /* Main.storyboard in Resources */,
			);
			runOnlyForDeploymentPostprocessing = 0;
		};
		9DBAED491EC543EC009E18AC /* Resources */ = {
			isa = PBXResourcesBuildPhase;
			buildActionMask = 2147483647;
			files = (
			);
			runOnlyForDeploymentPostprocessing = 0;
		};
		9DBAED541EC543EC009E18AC /* Resources */ = {
			isa = PBXResourcesBuildPhase;
			buildActionMask = 2147483647;
			files = (
			);
			runOnlyForDeploymentPostprocessing = 0;
		};
/* End PBXResourcesBuildPhase section */

/* Begin PBXSourcesBuildPhase section */
		9DBAED331EC543EC009E18AC /* Sources */ = {
			isa = PBXSourcesBuildPhase;
			buildActionMask = 2147483647;
			files = (
				9DBAED3D1EC543EC009E18AC /* ViewController.swift in Sources */,
				9DBAED3B1EC543EC009E18AC /* AppDelegate.swift in Sources */,
			);
			runOnlyForDeploymentPostprocessing = 0;
		};
		9DBAED471EC543EC009E18AC /* Sources */ = {
			isa = PBXSourcesBuildPhase;
			buildActionMask = 2147483647;
			files = (
				9DBAED501EC543EC009E18AC /* EmojisTornadoTests.swift in Sources */,
			);
			runOnlyForDeploymentPostprocessing = 0;
		};
		9DBAED521EC543EC009E18AC /* Sources */ = {
			isa = PBXSourcesBuildPhase;
			buildActionMask = 2147483647;
			files = (
				9DBAED5B1EC543EC009E18AC /* EmojisTornadoUITests.swift in Sources */,
			);
			runOnlyForDeploymentPostprocessing = 0;
		};
/* End PBXSourcesBuildPhase section */

/* Begin PBXTargetDependency section */
		9DBAED4D1EC543EC009E18AC /* PBXTargetDependency */ = {
			isa = PBXTargetDependency;
			target = 9DBAED361EC543EC009E18AC /* EmojisTornado */;
			targetProxy = 9DBAED4C1EC543EC009E18AC /* PBXContainerItemProxy */;
		};
		9DBAED581EC543EC009E18AC /* PBXTargetDependency */ = {
			isa = PBXTargetDependency;
			target = 9DBAED361EC543EC009E18AC /* EmojisTornado */;
			targetProxy = 9DBAED571EC543EC009E18AC /* PBXContainerItemProxy */;
		};
/* End PBXTargetDependency section */

/* Begin PBXVariantGroup section */
		9DBAED3E1EC543EC009E18AC /* Main.storyboard */ = {
			isa = PBXVariantGroup;
			children = (
				9DBAED3F1EC543EC009E18AC /* Base */,
			);
			name = Main.storyboard;
			sourceTree = "<group>";
		};
		9DBAED431EC543EC009E18AC /* LaunchScreen.storyboard */ = {
			isa = PBXVariantGroup;
			children = (
				9DBAED441EC543EC009E18AC /* Base */,
			);
			name = LaunchScreen.storyboard;
			sourceTree = "<group>";
		};
/* End PBXVariantGroup section */

/* Begin XCBuildConfiguration section */
		9DBAED5D1EC543EC009E18AC /* Debug */ = {
			isa = XCBuildConfiguration;
			buildSettings = {
				ALWAYS_SEARCH_USER_PATHS = NO;
				CLANG_ANALYZER_NONNULL = YES;
				CLANG_ANALYZER_NUMBER_OBJECT_CONVERSION = YES_AGGRESSIVE;
				CLANG_CXX_LANGUAGE_STANDARD = "gnu++0x";
				CLANG_CXX_LIBRARY = "libc++";
				CLANG_ENABLE_MODULES = YES;
				CLANG_ENABLE_OBJC_ARC = YES;
				CLANG_WARN_BOOL_CONVERSION = YES;
				CLANG_WARN_CONSTANT_CONVERSION = YES;
				CLANG_WARN_DIRECT_OBJC_ISA_USAGE = YES_ERROR;
				CLANG_WARN_DOCUMENTATION_COMMENTS = YES;
				CLANG_WARN_EMPTY_BODY = YES;
				CLANG_WARN_ENUM_CONVERSION = YES;
				CLANG_WARN_INFINITE_RECURSION = YES;
				CLANG_WARN_INT_CONVERSION = YES;
				CLANG_WARN_OBJC_ROOT_CLASS = YES_ERROR;
				CLANG_WARN_SUSPICIOUS_MOVE = YES;
				CLANG_WARN_UNREACHABLE_CODE = YES;
				CLANG_WARN__DUPLICATE_METHOD_MATCH = YES;
				"CODE_SIGN_IDENTITY[sdk=iphoneos*]" = "iPhone Developer";
				COPY_PHASE_STRIP = NO;
				DEBUG_INFORMATION_FORMAT = dwarf;
				ENABLE_STRICT_OBJC_MSGSEND = YES;
				ENABLE_TESTABILITY = YES;
				GCC_C_LANGUAGE_STANDARD = gnu99;
				GCC_DYNAMIC_NO_PIC = NO;
				GCC_NO_COMMON_BLOCKS = YES;
				GCC_OPTIMIZATION_LEVEL = 0;
				GCC_PREPROCESSOR_DEFINITIONS = (
					"DEBUG=1",
					"$(inherited)",
				);
				GCC_WARN_64_TO_32_BIT_CONVERSION = YES;
				GCC_WARN_ABOUT_RETURN_TYPE = YES_ERROR;
				GCC_WARN_UNDECLARED_SELECTOR = YES;
				GCC_WARN_UNINITIALIZED_AUTOS = YES_AGGRESSIVE;
				GCC_WARN_UNUSED_FUNCTION = YES;
				GCC_WARN_UNUSED_VARIABLE = YES;
				IPHONEOS_DEPLOYMENT_TARGET = 10.3;
				MTL_ENABLE_DEBUG_INFO = YES;
				ONLY_ACTIVE_ARCH = YES;
				SDKROOT = iphoneos;
				SWIFT_ACTIVE_COMPILATION_CONDITIONS = DEBUG;
				SWIFT_OPTIMIZATION_LEVEL = "-Onone";
				TARGETED_DEVICE_FAMILY = "1,2";
			};
			name = Debug;
		};
		9DBAED5E1EC543EC009E18AC /* Release */ = {
			isa = XCBuildConfiguration;
			buildSettings = {
				ALWAYS_SEARCH_USER_PATHS = NO;
				CLANG_ANALYZER_NONNULL = YES;
				CLANG_ANALYZER_NUMBER_OBJECT_CONVERSION = YES_AGGRESSIVE;
				CLANG_CXX_LANGUAGE_STANDARD = "gnu++0x";
				CLANG_CXX_LIBRARY = "libc++";
				CLANG_ENABLE_MODULES = YES;
				CLANG_ENABLE_OBJC_ARC = YES;
				CLANG_WARN_BOOL_CONVERSION = YES;
				CLANG_WARN_CONSTANT_CONVERSION = YES;
				CLANG_WARN_DIRECT_OBJC_ISA_USAGE = YES_ERROR;
				CLANG_WARN_DOCUMENTATION_COMMENTS = YES;
				CLANG_WARN_EMPTY_BODY = YES;
				CLANG_WARN_ENUM_CONVERSION = YES;
				CLANG_WARN_INFINITE_RECURSION = YES;
				CLANG_WARN_INT_CONVERSION = YES;
				CLANG_WARN_OBJC_ROOT_CLASS = YES_ERROR;
				CLANG_WARN_SUSPICIOUS_MOVE = YES;
				CLANG_WARN_UNREACHABLE_CODE = YES;
				CLANG_WARN__DUPLICATE_METHOD_MATCH = YES;
				"CODE_SIGN_IDENTITY[sdk=iphoneos*]" = "iPhone Developer";
				COPY_PHASE_STRIP = NO;
				DEBUG_INFORMATION_FORMAT = "dwarf-with-dsym";
				ENABLE_NS_ASSERTIONS = NO;
				ENABLE_STRICT_OBJC_MSGSEND = YES;
				GCC_C_LANGUAGE_STANDARD = gnu99;
				GCC_NO_COMMON_BLOCKS = YES;
				GCC_WARN_64_TO_32_BIT_CONVERSION = YES;
				GCC_WARN_ABOUT_RETURN_TYPE = YES_ERROR;
				GCC_WARN_UNDECLARED_SELECTOR = YES;
				GCC_WARN_UNINITIALIZED_AUTOS = YES_AGGRESSIVE;
				GCC_WARN_UNUSED_FUNCTION = YES;
				GCC_WARN_UNUSED_VARIABLE = YES;
				IPHONEOS_DEPLOYMENT_TARGET = 10.3;
				MTL_ENABLE_DEBUG_INFO = NO;
				SDKROOT = iphoneos;
				SWIFT_OPTIMIZATION_LEVEL = "-Owholemodule";
				TARGETED_DEVICE_FAMILY = "1,2";
				VALIDATE_PRODUCT = YES;
			};
			name = Release;
		};
		9DBAED601EC543EC009E18AC /* Debug */ = {
			isa = XCBuildConfiguration;
			buildSettings = {
				ASSETCATALOG_COMPILER_APPICON_NAME = AppIcon;
				INFOPLIST_FILE = EmojisTornado/Info.plist;
				LD_RUNPATH_SEARCH_PATHS = "$(inherited) @executable_path/Frameworks";
				PRODUCT_BUNDLE_IDENTIFIER = com.iamyyfan.EmojisTornado;
				PRODUCT_NAME = "$(TARGET_NAME)";
				SWIFT_VERSION = 3.0;
			};
			name = Debug;
		};
		9DBAED611EC543EC009E18AC /* Release */ = {
			isa = XCBuildConfiguration;
			buildSettings = {
				ASSETCATALOG_COMPILER_APPICON_NAME = AppIcon;
				INFOPLIST_FILE = EmojisTornado/Info.plist;
				LD_RUNPATH_SEARCH_PATHS = "$(inherited) @executable_path/Frameworks";
				PRODUCT_BUNDLE_IDENTIFIER = com.iamyyfan.EmojisTornado;
				PRODUCT_NAME = "$(TARGET_NAME)";
				SWIFT_VERSION = 3.0;
			};
			name = Release;
		};
		9DBAED631EC543EC009E18AC /* Debug */ = {
			isa = XCBuildConfiguration;
			buildSettings = {
				ALWAYS_EMBED_SWIFT_STANDARD_LIBRARIES = YES;
				BUNDLE_LOADER = "$(TEST_HOST)";
				INFOPLIST_FILE = EmojisTornadoTests/Info.plist;
				LD_RUNPATH_SEARCH_PATHS = "$(inherited) @executable_path/Frameworks @loader_path/Frameworks";
				PRODUCT_BUNDLE_IDENTIFIER = com.iamyyfan.EmojisTornadoTests;
				PRODUCT_NAME = "$(TARGET_NAME)";
				SWIFT_VERSION = 3.0;
				TEST_HOST = "$(BUILT_PRODUCTS_DIR)/EmojisTornado.app/EmojisTornado";
			};
			name = Debug;
		};
		9DBAED641EC543EC009E18AC /* Release */ = {
			isa = XCBuildConfiguration;
			buildSettings = {
				ALWAYS_EMBED_SWIFT_STANDARD_LIBRARIES = YES;
				BUNDLE_LOADER = "$(TEST_HOST)";
				INFOPLIST_FILE = EmojisTornadoTests/Info.plist;
				LD_RUNPATH_SEARCH_PATHS = "$(inherited) @executable_path/Frameworks @loader_path/Frameworks";
				PRODUCT_BUNDLE_IDENTIFIER = com.iamyyfan.EmojisTornadoTests;
				PRODUCT_NAME = "$(TARGET_NAME)";
				SWIFT_VERSION = 3.0;
				TEST_HOST = "$(BUILT_PRODUCTS_DIR)/EmojisTornado.app/EmojisTornado";
			};
			name = Release;
		};
		9DBAED661EC543EC009E18AC /* Debug */ = {
			isa = XCBuildConfiguration;
			buildSettings = {
				ALWAYS_EMBED_SWIFT_STANDARD_LIBRARIES = YES;
				INFOPLIST_FILE = EmojisTornadoUITests/Info.plist;
				LD_RUNPATH_SEARCH_PATHS = "$(inherited) @executable_path/Frameworks @loader_path/Frameworks";
				PRODUCT_BUNDLE_IDENTIFIER = com.iamyyfan.EmojisTornadoUITests;
				PRODUCT_NAME = "$(TARGET_NAME)";
				SWIFT_VERSION = 3.0;
				TEST_TARGET_NAME = EmojisTornado;
			};
			name = Debug;
		};
		9DBAED671EC543EC009E18AC /* Release */ = {
			isa = XCBuildConfiguration;
			buildSettings = {
				ALWAYS_EMBED_SWIFT_STANDARD_LIBRARIES = YES;
				INFOPLIST_FILE = EmojisTornadoUITests/Info.plist;
				LD_RUNPATH_SEARCH_PATHS = "$(inherited) @executable_path/Frameworks @loader_path/Frameworks";
				PRODUCT_BUNDLE_IDENTIFIER = com.iamyyfan.EmojisTornadoUITests;
				PRODUCT_NAME = "$(TARGET_NAME)";
				SWIFT_VERSION = 3.0;
				TEST_TARGET_NAME = EmojisTornado;
			};
			name = Release;
		};
/* End XCBuildConfiguration section */

/* Begin XCConfigurationList section */
		9DBAED321EC543EC009E18AC /* Build configuration list for PBXProject "EmojisTornado" */ = {
			isa = XCConfigurationList;
			buildConfigurations = (
				9DBAED5D1EC543EC009E18AC /* Debug */,
				9DBAED5E1EC543EC009E18AC /* Release */,
			);
			defaultConfigurationIsVisible = 0;
			defaultConfigurationName = Release;
		};
		9DBAED5F1EC543EC009E18AC /* Build configuration list for PBXNativeTarget "EmojisTornado" */ = {
			isa = XCConfigurationList;
			buildConfigurations = (
				9DBAED601EC543EC009E18AC /* Debug */,
				9DBAED611EC543EC009E18AC /* Release */,
			);
			defaultConfigurationIsVisible = 0;
		};
		9DBAED621EC543EC009E18AC /* Build configuration list for PBXNativeTarget "EmojisTornadoTests" */ = {
			isa = XCConfigurationList;
			buildConfigurations = (
				9DBAED631EC543EC009E18AC /* Debug */,
				9DBAED641EC543EC009E18AC /* Release */,
			);
			defaultConfigurationIsVisible = 0;
		};
		9DBAED651EC543EC009E18AC /* Build configuration list for PBXNativeTarget "EmojisTornadoUITests" */ = {
			isa = XCConfigurationList;
			buildConfigurations = (
				9DBAED661EC543EC009E18AC /* Debug */,
				9DBAED671EC543EC009E18AC /* Release */,
			);
			defaultConfigurationIsVisible = 0;
		};
/* End XCConfigurationList section */
	};
	rootObject = 9DBAED2F1EC543EC009E18AC /* Project object */;
}
